// !$*UTF8*$!
{
	archiveVersion = 1;
	classes = {
	};
	objectVersion = 46;
	objects = {

/* Begin PBXBuildFile section */
		68142B7C1C91657A00DD7CC0 /* fire.jpg in Resources */ = {isa = PBXBuildFile; fileRef = 68142B7B1C91657A00DD7CC0 /* fire.jpg */; };
		686108B01C570C3D00AEC42B /* main.m in Sources */ = {isa = PBXBuildFile; fileRef = 686108AF1C570C3D00AEC42B /* main.m */; };
		686108B31C570C3D00AEC42B /* AppDelegate.m in Sources */ = {isa = PBXBuildFile; fileRef = 686108B21C570C3D00AEC42B /* AppDelegate.m */; };
		686108B61C570C3D00AEC42B /* ViewController.m in Sources */ = {isa = PBXBuildFile; fileRef = 686108B51C570C3D00AEC42B /* ViewController.m */; };
		686108B91C570C3D00AEC42B /* Main.storyboard in Resources */ = {isa = PBXBuildFile; fileRef = 686108B71C570C3D00AEC42B /* Main.storyboard */; };
		686108BB1C570C3D00AEC42B /* Assets.xcassets in Resources */ = {isa = PBXBuildFile; fileRef = 686108BA1C570C3D00AEC42B /* Assets.xcassets */; };
		686108BE1C570C3D00AEC42B /* LaunchScreen.storyboard in Resources */ = {isa = PBXBuildFile; fileRef = 686108BC1C570C3D00AEC42B /* LaunchScreen.storyboard */; };
		686108C91C570C3D00AEC42B /* MaskImageTests.m in Sources */ = {isa = PBXBuildFile; fileRef = 686108C81C570C3D00AEC42B /* MaskImageTests.m */; };
		686108D41C570C3D00AEC42B /* MaskImageUITests.m in Sources */ = {isa = PBXBuildFile; fileRef = 686108D31C570C3D00AEC42B /* MaskImageUITests.m */; };
		686108E21C570C6400AEC42B /* 80X80.png in Resources */ = {isa = PBXBuildFile; fileRef = 686108E11C570C6400AEC42B /* 80X80.png */; };
		686108E41C570C8300AEC42B /* man_center.png in Resources */ = {isa = PBXBuildFile; fileRef = 686108E31C570C8300AEC42B /* man_center.png */; };
/* End PBXBuildFile section */

/* Begin PBXContainerItemProxy section */
		686108C51C570C3D00AEC42B /* PBXContainerItemProxy */ = {
			isa = PBXContainerItemProxy;
			containerPortal = 686108A31C570C3D00AEC42B /* Project object */;
			proxyType = 1;
			remoteGlobalIDString = 686108AA1C570C3D00AEC42B;
			remoteInfo = MaskImage;
		};
		686108D01C570C3D00AEC42B /* PBXContainerItemProxy */ = {
			isa = PBXContainerItemProxy;
			containerPortal = 686108A31C570C3D00AEC42B /* Project object */;
			proxyType = 1;
			remoteGlobalIDString = 686108AA1C570C3D00AEC42B;
			remoteInfo = MaskImage;
		};
/* End PBXContainerItemProxy section */

/* Begin PBXFileReference section */
		68142B7B1C91657A00DD7CC0 /* fire.jpg */ = {isa = PBXFileReference; lastKnownFileType = image.jpeg; path = fire.jpg; sourceTree = "<group>"; };
		686108AB1C570C3D00AEC42B /* MaskImage.app */ = {isa = PBXFileReference; explicitFileType = wrapper.application; includeInIndex = 0; path = MaskImage.app; sourceTree = BUILT_PRODUCTS_DIR; };
		686108AF1C570C3D00AEC42B /* main.m */ = {isa = PBXFileReference; lastKnownFileType = sourcecode.c.objc; path = main.m; sourceTree = "<group>"; };
		686108B11C570C3D00AEC42B /* AppDelegate.h */ = {isa = PBXFileReference; lastKnownFileType = sourcecode.c.h; path = AppDelegate.h; sourceTree = "<group>"; };
		686108B21C570C3D00AEC42B /* AppDelegate.m */ = {isa = PBXFileReference; lastKnownFileType = sourcecode.c.objc; path = AppDelegate.m; sourceTree = "<group>"; };
		686108B41C570C3D00AEC42B /* ViewController.h */ = {isa = PBXFileReference; lastKnownFileType = sourcecode.c.h; path = ViewController.h; sourceTree = "<group>"; };
		686108B51C570C3D00AEC42B /* ViewController.m */ = {isa = PBXFileReference; lastKnownFileType = sourcecode.c.objc; path = ViewController.m; sourceTree = "<group>"; };
		686108B81C570C3D00AEC42B /* Base */ = {isa = PBXFileReference; lastKnownFileType = file.storyboard; name = Base; path = Base.lproj/Main.storyboard; sourceTree = "<group>"; };
		686108BA1C570C3D00AEC42B /* Assets.xcassets */ = {isa = PBXFileReference; lastKnownFileType = folder.assetcatalog; path = Assets.xcassets; sourceTree = "<group>"; };
		686108BD1C570C3D00AEC42B /* Base */ = {isa = PBXFileReference; lastKnownFileType = file.storyboard; name = Base; path = Base.lproj/LaunchScreen.storyboard; sourceTree = "<group>"; };
		686108BF1C570C3D00AEC42B /* Info.plist */ = {isa = PBXFileReference; lastKnownFileType = text.plist.xml; path = Info.plist; sourceTree = "<group>"; };
		686108C41C570C3D00AEC42B /* MaskImageTests.xctest */ = {isa = PBXFileReference; explicitFileType = wrapper.cfbundle; includeInIndex = 0; path = MaskImageTests.xctest; sourceTree = BUILT_PRODUCTS_DIR; };
		686108C81C570C3D00AEC42B /* MaskImageTests.m */ = {isa = PBXFileReference; lastKnownFileType = sourcecode.c.objc; path = MaskImageTests.m; sourceTree = "<group>"; };
		686108CA1C570C3D00AEC42B /* Info.plist */ = {isa = PBXFileReference; lastKnownFileType = text.plist.xml; path = Info.plist; sourceTree = "<group>"; };
		686108CF1C570C3D00AEC42B /* MaskImageUITests.xctest */ = {isa = PBXFileReference; explicitFileType = wrapper.cfbundle; includeInIndex = 0; path = MaskImageUITests.xctest; sourceTree = BUILT_PRODUCTS_DIR; };
		686108D31C570C3D00AEC42B /* MaskImageUITests.m */ = {isa = PBXFileReference; lastKnownFileType = sourcecode.c.objc; path = MaskImageUITests.m; sourceTree = "<group>"; };
		686108D51C570C3D00AEC42B /* Info.plist */ = {isa = PBXFileReference; lastKnownFileType = text.plist.xml; path = Info.plist; sourceTree = "<group>"; };
		686108E11C570C6400AEC42B /* 80X80.png */ = {isa = PBXFileReference; lastKnownFileType = image.png; path = 80X80.png; sourceTree = "<group>"; };
		686108E31C570C8300AEC42B /* man_center.png */ = {isa = PBXFileReference; lastKnownFileType = image.png; path = man_center.png; sourceTree = "<group>"; };
/* End PBXFileReference section */

/* Begin PBXFrameworksBuildPhase section */
		686108A81C570C3D00AEC42B /* Frameworks */ = {
			isa = PBXFrameworksBuildPhase;
			buildActionMask = 2147483647;
			files = (
			);
			runOnlyForDeploymentPostprocessing = 0;
		};
		686108C11C570C3D00AEC42B /* Frameworks */ = {
			isa = PBXFrameworksBuildPhase;
			buildActionMask = 2147483647;
			files = (
			);
			runOnlyForDeploymentPostprocessing = 0;
		};
		686108CC1C570C3D00AEC42B /* Frameworks */ = {
			isa = PBXFrameworksBuildPhase;
			buildActionMask = 2147483647;
			files = (
			);
			runOnlyForDeploymentPostprocessing = 0;
		};
/* End PBXFrameworksBuildPhase section */

/* Begin PBXGroup section */
		686108A21C570C3D00AEC42B = {
			isa = PBXGroup;
			children = (
				686108AD1C570C3D00AEC42B /* MaskImage */,
				686108C71C570C3D00AEC42B /* MaskImageTests */,
				686108D21C570C3D00AEC42B /* MaskImageUITests */,
				686108AC1C570C3D00AEC42B /* Products */,
			);
			sourceTree = "<group>";
		};
		686108AC1C570C3D00AEC42B /* Products */ = {
			isa = PBXGroup;
			children = (
				686108AB1C570C3D00AEC42B /* MaskImage.app */,
				686108C41C570C3D00AEC42B /* MaskImageTests.xctest */,
				686108CF1C570C3D00AEC42B /* MaskImageUITests.xctest */,
			);
			name = Products;
			sourceTree = "<group>";
		};
		686108AD1C570C3D00AEC42B /* MaskImage */ = {
			isa = PBXGroup;
			children = (
				686108B11C570C3D00AEC42B /* AppDelegate.h */,
				686108B21C570C3D00AEC42B /* AppDelegate.m */,
				686108B41C570C3D00AEC42B /* ViewController.h */,
				686108B51C570C3D00AEC42B /* ViewController.m */,
				686108E31C570C8300AEC42B /* man_center.png */,
				68142B7B1C91657A00DD7CC0 /* fire.jpg */,
				686108E11C570C6400AEC42B /* 80X80.png */,
				686108B71C570C3D00AEC42B /* Main.storyboard */,
				686108BA1C570C3D00AEC42B /* Assets.xcassets */,
				686108BC1C570C3D00AEC42B /* LaunchScreen.storyboard */,
				686108BF1C570C3D00AEC42B /* Info.plist */,
				686108AE1C570C3D00AEC42B /* Supporting Files */,
			);
			path = MaskImage;
			sourceTree = "<group>";
		};
		686108AE1C570C3D00AEC42B /* Supporting Files */ = {
			isa = PBXGroup;
			children = (
				686108AF1C570C3D00AEC42B /* main.m */,
			);
			name = "Supporting Files";
			sourceTree = "<group>";
		};
		686108C71C570C3D00AEC42B /* MaskImageTests */ = {
			isa = PBXGroup;
			children = (
				686108C81C570C3D00AEC42B /* MaskImageTests.m */,
				686108CA1C570C3D00AEC42B /* Info.plist */,
			);
			path = MaskImageTests;
			sourceTree = "<group>";
		};
		686108D21C570C3D00AEC42B /* MaskImageUITests */ = {
			isa = PBXGroup;
			children = (
				686108D31C570C3D00AEC42B /* MaskImageUITests.m */,
				686108D51C570C3D00AEC42B /* Info.plist */,
			);
			path = MaskImageUITests;
			sourceTree = "<group>";
		};
/* End PBXGroup section */

/* Begin PBXNativeTarget section */
		686108AA1C570C3D00AEC42B /* MaskImage */ = {
			isa = PBXNativeTarget;
			buildConfigurationList = 686108D81C570C3D00AEC42B /* Build configuration list for PBXNativeTarget "MaskImage" */;
			buildPhases = (
				686108A71C570C3D00AEC42B /* Sources */,
				686108A81C570C3D00AEC42B /* Frameworks */,
				686108A91C570C3D00AEC42B /* Resources */,
			);
			buildRules = (
			);
			dependencies = (
			);
			name = MaskImage;
			productName = MaskImage;
			productReference = 686108AB1C570C3D00AEC42B /* MaskImage.app */;
			productType = "com.apple.product-type.application";
		};
		686108C31C570C3D00AEC42B /* MaskImageTests */ = {
			isa = PBXNativeTarget;
			buildConfigurationList = 686108DB1C570C3D00AEC42B /* Build configuration list for PBXNativeTarget "MaskImageTests" */;
			buildPhases = (
				686108C01C570C3D00AEC42B /* Sources */,
				686108C11C570C3D00AEC42B /* Frameworks */,
				686108C21C570C3D00AEC42B /* Resources */,
			);
			buildRules = (
			);
			dependencies = (
				686108C61C570C3D00AEC42B /* PBXTargetDependency */,
			);
			name = MaskImageTests;
			productName = MaskImageTests;
			productReference = 686108C41C570C3D00AEC42B /* MaskImageTests.xctest */;
			productType = "com.apple.product-type.bundle.unit-test";
		};
		686108CE1C570C3D00AEC42B /* MaskImageUITests */ = {
			isa = PBXNativeTarget;
			buildConfigurationList = 686108DE1C570C3D00AEC42B /* Build configuration list for PBXNativeTarget "MaskImageUITests" */;
			buildPhases = (
				686108CB1C570C3D00AEC42B /* Sources */,
				686108CC1C570C3D00AEC42B /* Frameworks */,
				686108CD1C570C3D00AEC42B /* Resources */,
			);
			buildRules = (
			);
			dependencies = (
				686108D11C570C3D00AEC42B /* PBXTargetDependency */,
			);
			name = MaskImageUITests;
			productName = MaskImageUITests;
			productReference = 686108CF1C570C3D00AEC42B /* MaskImageUITests.xctest */;
			productType = "com.apple.product-type.bundle.ui-testing";
		};
/* End PBXNativeTarget section */

/* Begin PBXProject section */
		686108A31C570C3D00AEC42B /* Project object */ = {
			isa = PBXProject;
			attributes = {
				LastUpgradeCheck = 0720;
				ORGANIZATIONNAME = CodingFire;
				TargetAttributes = {
					686108AA1C570C3D00AEC42B = {
						CreatedOnToolsVersion = 7.2;
					};
					686108C31C570C3D00AEC42B = {
						CreatedOnToolsVersion = 7.2;
						TestTargetID = 686108AA1C570C3D00AEC42B;
					};
					686108CE1C570C3D00AEC42B = {
						CreatedOnToolsVersion = 7.2;
						TestTargetID = 686108AA1C570C3D00AEC42B;
					};
				};
			};
			buildConfigurationList = 686108A61C570C3D00AEC42B /* Build configuration list for PBXProject "MaskImage" */;
			compatibilityVersion = "Xcode 3.2";
			developmentRegion = English;
			hasScannedForEncodings = 0;
			knownRegions = (
				en,
				Base,
			);
			mainGroup = 686108A21C570C3D00AEC42B;
			productRefGroup = 686108AC1C570C3D00AEC42B /* Products */;
			projectDirPath = "";
			projectRoot = "";
			targets = (
				686108AA1C570C3D00AEC42B /* MaskImage */,
				686108C31C570C3D00AEC42B /* MaskImageTests */,
				686108CE1C570C3D00AEC42B /* MaskImageUITests */,
			);
		};
/* End PBXProject section */

/* Begin PBXResourcesBuildPhase section */
		686108A91C570C3D00AEC42B /* Resources */ = {
			isa = PBXResourcesBuildPhase;
			buildActionMask = 2147483647;
			files = (
				686108E21C570C6400AEC42B /* 80X80.png in Resources */,
				68142B7C1C91657A00DD7CC0 /* fire.jpg in Resources */,
				686108E41C570C8300AEC42B /* man_center.png in Resources */,
				686108BE1C570C3D00AEC42B /* LaunchScreen.storyboard in Resources */,
				686108BB1C570C3D00AEC42B /* Assets.xcassets in Resources */,
				686108B91C570C3D00AEC42B /* Main.storyboard in Resources */,
			);
			runOnlyForDeploymentPostprocessing = 0;
		};
		686108C21C570C3D00AEC42B /* Resources */ = {
			isa = PBXResourcesBuildPhase;
			buildActionMask = 2147483647;
			files = (
			);
			runOnlyForDeploymentPostprocessing = 0;
		};
		686108CD1C570C3D00AEC42B /* Resources */ = {
			isa = PBXResourcesBuildPhase;
			buildActionMask = 2147483647;
			files = (
			);
			runOnlyForDeploymentPostprocessing = 0;
		};
/* End PBXResourcesBuildPhase section */

/* Begin PBXSourcesBuildPhase section */
		686108A71C570C3D00AEC42B /* Sources */ = {
			isa = PBXSourcesBuildPhase;
			buildActionMask = 2147483647;
			files = (
				686108B61C570C3D00AEC42B /* ViewController.m in Sources */,
				686108B31C570C3D00AEC42B /* AppDelegate.m in Sources */,
				686108B01C570C3D00AEC42B /* main.m in Sources */,
			);
			runOnlyForDeploymentPostprocessing = 0;
		};
		686108C01C570C3D00AEC42B /* Sources */ = {
			isa = PBXSourcesBuildPhase;
			buildActionMask = 2147483647;
			files = (
				686108C91C570C3D00AEC42B /* MaskImageTests.m in Sources */,
			);
			runOnlyForDeploymentPostprocessing = 0;
		};
		686108CB1C570C3D00AEC42B /* Sources */ = {
			isa = PBXSourcesBuildPhase;
			buildActionMask = 2147483647;
			files = (
				686108D41C570C3D00AEC42B /* MaskImageUITests.m in Sources */,
			);
			runOnlyForDeploymentPostprocessing = 0;
		};
/* End PBXSourcesBuildPhase section */

/* Begin PBXTargetDependency section */
		686108C61C570C3D00AEC42B /* PBXTargetDependency */ = {
			isa = PBXTargetDependency;
			target = 686108AA1C570C3D00AEC42B /* MaskImage */;
			targetProxy = 686108C51C570C3D00AEC42B /* PBXContainerItemProxy */;
		};
		686108D11C570C3D00AEC42B /* PBXTargetDependency */ = {
			isa = PBXTargetDependency;
			target = 686108AA1C570C3D00AEC42B /* MaskImage */;
			targetProxy = 686108D01C570C3D00AEC42B /* PBXContainerItemProxy */;
		};
/* End PBXTargetDependency section */

/* Begin PBXVariantGroup section */
		686108B71C570C3D00AEC42B /* Main.storyboard */ = {
			isa = PBXVariantGroup;
			children = (
				686108B81C570C3D00AEC42B /* Base */,
			);
			name = Main.storyboard;
			sourceTree = "<group>";
		};
		686108BC1C570C3D00AEC42B /* LaunchScreen.storyboard */ = {
			isa = PBXVariantGroup;
			children = (
				686108BD1C570C3D00AEC42B /* Base */,
			);
			name = LaunchScreen.storyboard;
			sourceTree = "<group>";
		};
/* End PBXVariantGroup section */

/* Begin XCBuildConfiguration section */
		686108D61C570C3D00AEC42B /* Debug */ = {
			isa = XCBuildConfiguration;
			buildSettings = {
				ALWAYS_SEARCH_USER_PATHS = NO;
				CLANG_CXX_LANGUAGE_STANDARD = "gnu++0x";
				CLANG_CXX_LIBRARY = "libc++";
				CLANG_ENABLE_MODULES = YES;
				CLANG_ENABLE_OBJC_ARC = YES;
				CLANG_WARN_BOOL_CONVERSION = YES;
				CLANG_WARN_CONSTANT_CONVERSION = YES;
				CLANG_WARN_DIRECT_OBJC_ISA_USAGE = YES_ERROR;
				CLANG_WARN_EMPTY_BODY = YES;
				CLANG_WARN_ENUM_CONVERSION = YES;
				CLANG_WARN_INT_CONVERSION = YES;
				CLANG_WARN_OBJC_ROOT_CLASS = YES_ERROR;
				CLANG_WARN_UNREACHABLE_CODE = YES;
				CLANG_WARN__DUPLICATE_METHOD_MATCH = YES;
				"CODE_SIGN_IDENTITY[sdk=iphoneos*]" = "iPhone Developer";
				COPY_PHASE_STRIP = NO;
				DEBUG_INFORMATION_FORMAT = dwarf;
				ENABLE_STRICT_OBJC_MSGSEND = YES;
				ENABLE_TESTABILITY = YES;
				GCC_C_LANGUAGE_STANDARD = gnu99;
				GCC_DYNAMIC_NO_PIC = NO;
				GCC_NO_COMMON_BLOCKS = YES;
				GCC_OPTIMIZATION_LEVEL = 0;
				GCC_PREPROCESSOR_DEFINITIONS = (
					"DEBUG=1",
					"$(inherited)",
				);
				GCC_WARN_64_TO_32_BIT_CONVERSION = YES;
				GCC_WARN_ABOUT_RETURN_TYPE = YES_ERROR;
				GCC_WARN_UNDECLARED_SELECTOR = YES;
				GCC_WARN_UNINITIALIZED_AUTOS = YES_AGGRESSIVE;
				GCC_WARN_UNUSED_FUNCTION = YES;
				GCC_WARN_UNUSED_VARIABLE = YES;
				IPHONEOS_DEPLOYMENT_TARGET = 9.2;
				MTL_ENABLE_DEBUG_INFO = YES;
				ONLY_ACTIVE_ARCH = YES;
				SDKROOT = iphoneos;
			};
			name = Debug;
		};
		686108D71C570C3D00AEC42B /* Release */ = {
			isa = XCBuildConfiguration;
			buildSettings = {
				ALWAYS_SEARCH_USER_PATHS = NO;
				CLANG_CXX_LANGUAGE_STANDARD = "gnu++0x";
				CLANG_CXX_LIBRARY = "libc++";
				CLANG_ENABLE_MODULES = YES;
				CLANG_ENABLE_OBJC_ARC = YES;
				CLANG_WARN_BOOL_CONVERSION = YES;
				CLANG_WARN_CONSTANT_CONVERSION = YES;
				CLANG_WARN_DIRECT_OBJC_ISA_USAGE = YES_ERROR;
				CLANG_WARN_EMPTY_BODY = YES;
				CLANG_WARN_ENUM_CONVERSION = YES;
				CLANG_WARN_INT_CONVERSION = YES;
				CLANG_WARN_OBJC_ROOT_CLASS = YES_ERROR;
				CLANG_WARN_UNREACHABLE_CODE = YES;
				CLANG_WARN__DUPLICATE_METHOD_MATCH = YES;
				"CODE_SIGN_IDENTITY[sdk=iphoneos*]" = "iPhone Developer";
				COPY_PHASE_STRIP = NO;
				DEBUG_INFORMATION_FORMAT = "dwarf-with-dsym";
				ENABLE_NS_ASSERTIONS = NO;
				ENABLE_STRICT_OBJC_MSGSEND = YES;
				GCC_C_LANGUAGE_STANDARD = gnu99;
				GCC_NO_COMMON_BLOCKS = YES;
				GCC_WARN_64_TO_32_BIT_CONVERSION = YES;
				GCC_WARN_ABOUT_RETURN_TYPE = YES_ERROR;
				GCC_WARN_UNDECLARED_SELECTOR = YES;
				GCC_WARN_UNINITIALIZED_AUTOS = YES_AGGRESSIVE;
				GCC_WARN_UNUSED_FUNCTION = YES;
				GCC_WARN_UNUSED_VARIABLE = YES;
				IPHONEOS_DEPLOYMENT_TARGET = 9.2;
				MTL_ENABLE_DEBUG_INFO = NO;
				SDKROOT = iphoneos;
				VALIDATE_PRODUCT = YES;
			};
			name = Release;
		};
		686108D91C570C3D00AEC42B /* Debug */ = {
			isa = XCBuildConfiguration;
			buildSettings = {
				ASSETCATALOG_COMPILER_APPICON_NAME = AppIcon;
				INFOPLIST_FILE = MaskImage/Info.plist;
				LD_RUNPATH_SEARCH_PATHS = "$(inherited) @executable_path/Frameworks";
				PRODUCT_BUNDLE_IDENTIFIER = Codeliu.MaskImage;
				PRODUCT_NAME = "$(TARGET_NAME)";
			};
			name = Debug;
		};
		686108DA1C570C3D00AEC42B /* Release */ = {
			isa = XCBuildConfiguration;
			buildSettings = {
				ASSETCATALOG_COMPILER_APPICON_NAME = AppIcon;
				INFOPLIST_FILE = MaskImage/Info.plist;
				LD_RUNPATH_SEARCH_PATHS = "$(inherited) @executable_path/Frameworks";
				PRODUCT_BUNDLE_IDENTIFIER = Codeliu.MaskImage;
				PRODUCT_NAME = "$(TARGET_NAME)";
			};
			name = Release;
		};
		686108DC1C570C3D00AEC42B /* Debug */ = {
			isa = XCBuildConfiguration;
			buildSettings = {
				BUNDLE_LOADER = "$(TEST_HOST)";
				INFOPLIST_FILE = MaskImageTests/Info.plist;
				LD_RUNPATH_SEARCH_PATHS = "$(inherited) @executable_path/Frameworks @loader_path/Frameworks";
				PRODUCT_BUNDLE_IDENTIFIER = Codeliu.MaskImageTests;
				PRODUCT_NAME = "$(TARGET_NAME)";
				TEST_HOST = "$(BUILT_PRODUCTS_DIR)/MaskImage.app/MaskImage";
			};
			name = Debug;
		};
		686108DD1C570C3D00AEC42B /* Release */ = {
			isa = XCBuildConfiguration;
			buildSettings = {
				BUNDLE_LOADER = "$(TEST_HOST)";
				INFOPLIST_FILE = MaskImageTests/Info.plist;
				LD_RUNPATH_SEARCH_PATHS = "$(inherited) @executable_path/Frameworks @loader_path/Frameworks";
				PRODUCT_BUNDLE_IDENTIFIER = Codeliu.MaskImageTests;
				PRODUCT_NAME = "$(TARGET_NAME)";
				TEST_HOST = "$(BUILT_PRODUCTS_DIR)/MaskImage.app/MaskImage";
			};
			name = Release;
		};
		686108DF1C570C3D00AEC42B /* Debug */ = {
			isa = XCBuildConfiguration;
			buildSettings = {
				INFOPLIST_FILE = MaskImageUITests/Info.plist;
				LD_RUNPATH_SEARCH_PATHS = "$(inherited) @executable_path/Frameworks @loader_path/Frameworks";
				PRODUCT_BUNDLE_IDENTIFIER = Codeliu.MaskImageUITests;
				PRODUCT_NAME = "$(TARGET_NAME)";
				TEST_TARGET_NAME = MaskImage;
				USES_XCTRUNNER = YES;
			};
			name = Debug;
		};
		686108E01C570C3D00AEC42B /* Release */ = {
			isa = XCBuildConfiguration;
			buildSettings = {
				INFOPLIST_FILE = MaskImageUITests/Info.plist;
				LD_RUNPATH_SEARCH_PATHS = "$(inherited) @executable_path/Frameworks @loader_path/Frameworks";
				PRODUCT_BUNDLE_IDENTIFIER = Codeliu.MaskImageUITests;
				PRODUCT_NAME = "$(TARGET_NAME)";
				TEST_TARGET_NAME = MaskImage;
				USES_XCTRUNNER = YES;
			};
			name = Release;
		};
/* End XCBuildConfiguration section */

/* Begin XCConfigurationList section */
		686108A61C570C3D00AEC42B /* Build configuration list for PBXProject "MaskImage" */ = {
			isa = XCConfigurationList;
			buildConfigurations = (
				686108D61C570C3D00AEC42B /* Debug */,
				686108D71C570C3D00AEC42B /* Release */,
			);
			defaultConfigurationIsVisible = 0;
			defaultConfigurationName = Release;
		};
		686108D81C570C3D00AEC42B /* Build configuration list for PBXNativeTarget "MaskImage" */ = {
			isa = XCConfigurationList;
			buildConfigurations = (
				686108D91C570C3D00AEC42B /* Debug */,
				686108DA1C570C3D00AEC42B /* Release */,
			);
			defaultConfigurationIsVisible = 0;
			defaultConfigurationName = Release;
		};
		686108DB1C570C3D00AEC42B /* Build configuration list for PBXNativeTarget "MaskImageTests" */ = {
			isa = XCConfigurationList;
			buildConfigurations = (
				686108DC1C570C3D00AEC42B /* Debug */,
				686108DD1C570C3D00AEC42B /* Release */,
			);
			defaultConfigurationIsVisible = 0;
			defaultConfigurationName = Release;
		};
		686108DE1C570C3D00AEC42B /* Build configuration list for PBXNativeTarget "MaskImageUITests" */ = {
			isa = XCConfigurationList;
			buildConfigurations = (
				686108DF1C570C3D00AEC42B /* Debug */,
				686108E01C570C3D00AEC42B /* Release */,
			);
			defaultConfigurationIsVisible = 0;
			defaultConfigurationName = Release;
		};
/* End XCConfigurationList section */
	};
	rootObject = 686108A31C570C3D00AEC42B /* Project object */;
}
